
Microsoft Visual Studio Solution File, Format Version 12.00
# Visual Studio Version 17
VisualStudioVersion = 17.14.36705.20
MinimumVisualStudioVersion = 10.0.40219.1
Project("{FAE04EC0-301F-11D3-BF4B-00C04F79EFBC}") = "UI_Extended", "UI_Extended\UI_Extended.csproj", "{F9105CC9-530F-489D-8500-8622C0ABAA31}"
EndProject
Global
	GlobalSection(SolutionConfigurationPlatforms) = preSolution
		Debug|Any CPU = Debug|Any CPU
		Release|Any CPU = Release|Any CPU
	EndGlobalSection
	GlobalSection(ProjectConfigurationPlatforms) = postSolution
		{F9105CC9-530F-489D-8500-8622C0ABAA31}.Debug|Any CPU.ActiveCfg = Debug|Any CPU
		{F9105CC9-530F-489D-8500-8622C0ABAA31}.Debug|Any CPU.Build.0 = Debug|Any CPU
		{F9105CC9-530F-489D-8500-8622C0ABAA31}.Release|Any CPU.ActiveCfg = Release|Any CPU
		{F9105CC9-530F-489D-8500-8622C0ABAA31}.Release|Any CPU.Build.0 = Release|Any CPU
	EndGlobalSection
	GlobalSection(SolutionProperties) = preSolution
		HideSolutionNode = FALSE
	EndGlobalSection
	GlobalSection(ExtensibilityGlobals) = postSolution
		SolutionGuid = {2B2BEEE3-3FA4-4D3A-AD70-EB7F46B94C39}
	EndGlobalSection
EndGlobal
